// !$*UTF8*$!
{
	archiveVersion = 1;
	classes = {
	};
	objectVersion = 50;
	objects = {

/* Begin PBXBuildFile section */
		93DF40FC264E7C3C00BA9394 /* AppDelegate.swift in Sources */ = {isa = PBXBuildFile; fileRef = 93DF40FB264E7C3C00BA9394 /* AppDelegate.swift */; };
		93DF40FE264E7C3C00BA9394 /* SceneDelegate.swift in Sources */ = {isa = PBXBuildFile; fileRef = 93DF40FD264E7C3C00BA9394 /* SceneDelegate.swift */; };
		93DF4100264E7C3C00BA9394 /* ViewController.swift in Sources */ = {isa = PBXBuildFile; fileRef = 93DF40FF264E7C3C00BA9394 /* ViewController.swift */; };
		93DF4103264E7C3C00BA9394 /* Main.storyboard in Resources */ = {isa = PBXBuildFile; fileRef = 93DF4101264E7C3C00BA9394 /* Main.storyboard */; };
		93DF4105264E7C3F00BA9394 /* Assets.xcassets in Resources */ = {isa = PBXBuildFile; fileRef = 93DF4104264E7C3F00BA9394 /* Assets.xcassets */; };
		93DF4108264E7C3F00BA9394 /* LaunchScreen.storyboard in Resources */ = {isa = PBXBuildFile; fileRef = 93DF4106264E7C3F00BA9394 /* LaunchScreen.storyboard */; };
		93DF4113264E7C3F00BA9394 /* PhotoMasterTests.swift in Sources */ = {isa = PBXBuildFile; fileRef = 93DF4112264E7C3F00BA9394 /* PhotoMasterTests.swift */; };
		93DF411E264E7C3F00BA9394 /* PhotoMasterUITests.swift in Sources */ = {isa = PBXBuildFile; fileRef = 93DF411D264E7C3F00BA9394 /* PhotoMasterUITests.swift */; };
/* End PBXBuildFile section */

/* Begin PBXContainerItemProxy section */
		93DF410F264E7C3F00BA9394 /* PBXContainerItemProxy */ = {
			isa = PBXContainerItemProxy;
			containerPortal = 93DF40F0264E7C3C00BA9394 /* Project object */;
			proxyType = 1;
			remoteGlobalIDString = 93DF40F7264E7C3C00BA9394;
			remoteInfo = PhotoMaster;
		};
		93DF411A264E7C3F00BA9394 /* PBXContainerItemProxy */ = {
			isa = PBXContainerItemProxy;
			containerPortal = 93DF40F0264E7C3C00BA9394 /* Project object */;
			proxyType = 1;
			remoteGlobalIDString = 93DF40F7264E7C3C00BA9394;
			remoteInfo = PhotoMaster;
		};
/* End PBXContainerItemProxy section */

/* Begin PBXFileReference section */
		93DF40F8264E7C3C00BA9394 /* PhotoMaster.app */ = {isa = PBXFileReference; explicitFileType = wrapper.application; includeInIndex = 0; path = PhotoMaster.app; sourceTree = BUILT_PRODUCTS_DIR; };
		93DF40FB264E7C3C00BA9394 /* AppDelegate.swift */ = {isa = PBXFileReference; lastKnownFileType = sourcecode.swift; path = AppDelegate.swift; sourceTree = "<group>"; };
		93DF40FD264E7C3C00BA9394 /* SceneDelegate.swift */ = {isa = PBXFileReference; lastKnownFileType = sourcecode.swift; path = SceneDelegate.swift; sourceTree = "<group>"; };
		93DF40FF264E7C3C00BA9394 /* ViewController.swift */ = {isa = PBXFileReference; lastKnownFileType = sourcecode.swift; path = ViewController.swift; sourceTree = "<group>"; };
		93DF4102264E7C3C00BA9394 /* Base */ = {isa = PBXFileReference; lastKnownFileType = file.storyboard; name = Base; path = Base.lproj/Main.storyboard; sourceTree = "<group>"; };
		93DF4104264E7C3F00BA9394 /* Assets.xcassets */ = {isa = PBXFileReference; lastKnownFileType = folder.assetcatalog; path = Assets.xcassets; sourceTree = "<group>"; };
		93DF4107264E7C3F00BA9394 /* Base */ = {isa = PBXFileReference; lastKnownFileType = file.storyboard; name = Base; path = Base.lproj/LaunchScreen.storyboard; sourceTree = "<group>"; };
		93DF4109264E7C3F00BA9394 /* Info.plist */ = {isa = PBXFileReference; lastKnownFileType = text.plist.xml; path = Info.plist; sourceTree = "<group>"; };
		93DF410E264E7C3F00BA9394 /* PhotoMasterTests.xctest */ = {isa = PBXFileReference; explicitFileType = wrapper.cfbundle; includeInIndex = 0; path = PhotoMasterTests.xctest; sourceTree = BUILT_PRODUCTS_DIR; };
		93DF4112264E7C3F00BA9394 /* PhotoMasterTests.swift */ = {isa = PBXFileReference; lastKnownFileType = sourcecode.swift; path = PhotoMasterTests.swift; sourceTree = "<group>"; };
		93DF4114264E7C3F00BA9394 /* Info.plist */ = {isa = PBXFileReference; lastKnownFileType = text.plist.xml; path = Info.plist; sourceTree = "<group>"; };
		93DF4119264E7C3F00BA9394 /* PhotoMasterUITests.xctest */ = {isa = PBXFileReference; explicitFileType = wrapper.cfbundle; includeInIndex = 0; path = PhotoMasterUITests.xctest; sourceTree = BUILT_PRODUCTS_DIR; };
		93DF411D264E7C3F00BA9394 /* PhotoMasterUITests.swift */ = {isa = PBXFileReference; lastKnownFileType = sourcecode.swift; path = PhotoMasterUITests.swift; sourceTree = "<group>"; };
		93DF411F264E7C3F00BA9394 /* Info.plist */ = {isa = PBXFileReference; lastKnownFileType = text.plist.xml; path = Info.plist; sourceTree = "<group>"; };
/* End PBXFileReference section */

/* Begin PBXFrameworksBuildPhase section */
		93DF40F5264E7C3C00BA9394 /* Frameworks */ = {
			isa = PBXFrameworksBuildPhase;
			buildActionMask = 2147483647;
			files = (
			);
			runOnlyForDeploymentPostprocessing = 0;
		};
		93DF410B264E7C3F00BA9394 /* Frameworks */ = {
			isa = PBXFrameworksBuildPhase;
			buildActionMask = 2147483647;
			files = (
			);
			runOnlyForDeploymentPostprocessing = 0;
		};
		93DF4116264E7C3F00BA9394 /* Frameworks */ = {
			isa = PBXFrameworksBuildPhase;
			buildActionMask = 2147483647;
			files = (
			);
			runOnlyForDeploymentPostprocessing = 0;
		};
/* End PBXFrameworksBuildPhase section */

/* Begin PBXGroup section */
		93DF40EF264E7C3C00BA9394 = {
			isa = PBXGroup;
			children = (
				93DF40FA264E7C3C00BA9394 /* PhotoMaster */,
				93DF4111264E7C3F00BA9394 /* PhotoMasterTests */,
				93DF411C264E7C3F00BA9394 /* PhotoMasterUITests */,
				93DF40F9264E7C3C00BA9394 /* Products */,
			);
			sourceTree = "<group>";
		};
		93DF40F9264E7C3C00BA9394 /* Products */ = {
			isa = PBXGroup;
			children = (
				93DF40F8264E7C3C00BA9394 /* PhotoMaster.app */,
				93DF410E264E7C3F00BA9394 /* PhotoMasterTests.xctest */,
				93DF4119264E7C3F00BA9394 /* PhotoMasterUITests.xctest */,
			);
			name = Products;
			sourceTree = "<group>";
		};
		93DF40FA264E7C3C00BA9394 /* PhotoMaster */ = {
			isa = PBXGroup;
			children = (
				93DF40FB264E7C3C00BA9394 /* AppDelegate.swift */,
				93DF40FD264E7C3C00BA9394 /* SceneDelegate.swift */,
				93DF40FF264E7C3C00BA9394 /* ViewController.swift */,
				93DF4101264E7C3C00BA9394 /* Main.storyboard */,
				93DF4104264E7C3F00BA9394 /* Assets.xcassets */,
				93DF4106264E7C3F00BA9394 /* LaunchScreen.storyboard */,
				93DF4109264E7C3F00BA9394 /* Info.plist */,
			);
			path = PhotoMaster;
			sourceTree = "<group>";
		};
		93DF4111264E7C3F00BA9394 /* PhotoMasterTests */ = {
			isa = PBXGroup;
			children = (
				93DF4112264E7C3F00BA9394 /* PhotoMasterTests.swift */,
				93DF4114264E7C3F00BA9394 /* Info.plist */,
			);
			path = PhotoMasterTests;
			sourceTree = "<group>";
		};
		93DF411C264E7C3F00BA9394 /* PhotoMasterUITests */ = {
			isa = PBXGroup;
			children = (
				93DF411D264E7C3F00BA9394 /* PhotoMasterUITests.swift */,
				93DF411F264E7C3F00BA9394 /* Info.plist */,
			);
			path = PhotoMasterUITests;
			sourceTree = "<group>";
		};
/* End PBXGroup section */

/* Begin PBXNativeTarget section */
		93DF40F7264E7C3C00BA9394 /* PhotoMaster */ = {
			isa = PBXNativeTarget;
			buildConfigurationList = 93DF4122264E7C3F00BA9394 /* Build configuration list for PBXNativeTarget "PhotoMaster" */;
			buildPhases = (
				93DF40F4264E7C3C00BA9394 /* Sources */,
				93DF40F5264E7C3C00BA9394 /* Frameworks */,
				93DF40F6264E7C3C00BA9394 /* Resources */,
			);
			buildRules = (
			);
			dependencies = (
			);
			name = PhotoMaster;
			productName = PhotoMaster;
			productReference = 93DF40F8264E7C3C00BA9394 /* PhotoMaster.app */;
			productType = "com.apple.product-type.application";
		};
		93DF410D264E7C3F00BA9394 /* PhotoMasterTests */ = {
			isa = PBXNativeTarget;
			buildConfigurationList = 93DF4125264E7C3F00BA9394 /* Build configuration list for PBXNativeTarget "PhotoMasterTests" */;
			buildPhases = (
				93DF410A264E7C3F00BA9394 /* Sources */,
				93DF410B264E7C3F00BA9394 /* Frameworks */,
				93DF410C264E7C3F00BA9394 /* Resources */,
			);
			buildRules = (
			);
			dependencies = (
				93DF4110264E7C3F00BA9394 /* PBXTargetDependency */,
			);
			name = PhotoMasterTests;
			productName = PhotoMasterTests;
			productReference = 93DF410E264E7C3F00BA9394 /* PhotoMasterTests.xctest */;
			productType = "com.apple.product-type.bundle.unit-test";
		};
		93DF4118264E7C3F00BA9394 /* PhotoMasterUITests */ = {
			isa = PBXNativeTarget;
			buildConfigurationList = 93DF4128264E7C3F00BA9394 /* Build configuration list for PBXNativeTarget "PhotoMasterUITests" */;
			buildPhases = (
				93DF4115264E7C3F00BA9394 /* Sources */,
				93DF4116264E7C3F00BA9394 /* Frameworks */,
				93DF4117264E7C3F00BA9394 /* Resources */,
			);
			buildRules = (
			);
			dependencies = (
				93DF411B264E7C3F00BA9394 /* PBXTargetDependency */,
			);
			name = PhotoMasterUITests;
			productName = PhotoMasterUITests;
			productReference = 93DF4119264E7C3F00BA9394 /* PhotoMasterUITests.xctest */;
			productType = "com.apple.product-type.bundle.ui-testing";
		};
/* End PBXNativeTarget section */

/* Begin PBXProject section */
		93DF40F0264E7C3C00BA9394 /* Project object */ = {
			isa = PBXProject;
			attributes = {
				LastSwiftUpdateCheck = 1240;
				LastUpgradeCheck = 1240;
				TargetAttributes = {
					93DF40F7264E7C3C00BA9394 = {
						CreatedOnToolsVersion = 12.4;
					};
					93DF410D264E7C3F00BA9394 = {
						CreatedOnToolsVersion = 12.4;
						TestTargetID = 93DF40F7264E7C3C00BA9394;
					};
					93DF4118264E7C3F00BA9394 = {
						CreatedOnToolsVersion = 12.4;
						TestTargetID = 93DF40F7264E7C3C00BA9394;
					};
				};
			};
			buildConfigurationList = 93DF40F3264E7C3C00BA9394 /* Build configuration list for PBXProject "PhotoMaster" */;
			compatibilityVersion = "Xcode 9.3";
			developmentRegion = en;
			hasScannedForEncodings = 0;
			knownRegions = (
				en,
				Base,
			);
			mainGroup = 93DF40EF264E7C3C00BA9394;
			productRefGroup = 93DF40F9264E7C3C00BA9394 /* Products */;
			projectDirPath = "";
			projectRoot = "";
			targets = (
				93DF40F7264E7C3C00BA9394 /* PhotoMaster */,
				93DF410D264E7C3F00BA9394 /* PhotoMasterTests */,
				93DF4118264E7C3F00BA9394 /* PhotoMasterUITests */,
			);
		};
/* End PBXProject section */

/* Begin PBXResourcesBuildPhase section */
		93DF40F6264E7C3C00BA9394 /* Resources */ = {
			isa = PBXResourcesBuildPhase;
			buildActionMask = 2147483647;
			files = (
				93DF4108264E7C3F00BA9394 /* LaunchScreen.storyboard in Resources */,
				93DF4105264E7C3F00BA9394 /* Assets.xcassets in Resources */,
				93DF4103264E7C3C00BA9394 /* Main.storyboard in Resources */,
			);
			runOnlyForDeploymentPostprocessing = 0;
		};
		93DF410C264E7C3F00BA9394 /* Resources */ = {
			isa = PBXResourcesBuildPhase;
			buildActionMask = 2147483647;
			files = (
			);
			runOnlyForDeploymentPostprocessing = 0;
		};
		93DF4117264E7C3F00BA9394 /* Resources */ = {
			isa = PBXResourcesBuildPhase;
			buildActionMask = 2147483647;
			files = (
			);
			runOnlyForDeploymentPostprocessing = 0;
		};
/* End PBXResourcesBuildPhase section */

/* Begin PBXSourcesBuildPhase section */
		93DF40F4264E7C3C00BA9394 /* Sources */ = {
			isa = PBXSourcesBuildPhase;
			buildActionMask = 2147483647;
			files = (
				93DF4100264E7C3C00BA9394 /* ViewController.swift in Sources */,
				93DF40FC264E7C3C00BA9394 /* AppDelegate.swift in Sources */,
				93DF40FE264E7C3C00BA9394 /* SceneDelegate.swift in Sources */,
			);
			runOnlyForDeploymentPostprocessing = 0;
		};
		93DF410A264E7C3F00BA9394 /* Sources */ = {
			isa = PBXSourcesBuildPhase;
			buildActionMask = 2147483647;
			files = (
				93DF4113264E7C3F00BA9394 /* PhotoMasterTests.swift in Sources */,
			);
			runOnlyForDeploymentPostprocessing = 0;
		};
		93DF4115264E7C3F00BA9394 /* Sources */ = {
			isa = PBXSourcesBuildPhase;
			buildActionMask = 2147483647;
			files = (
				93DF411E264E7C3F00BA9394 /* PhotoMasterUITests.swift in Sources */,
			);
			runOnlyForDeploymentPostprocessing = 0;
		};
/* End PBXSourcesBuildPhase section */

/* Begin PBXTargetDependency section */
		93DF4110264E7C3F00BA9394 /* PBXTargetDependency */ = {
			isa = PBXTargetDependency;
			target = 93DF40F7264E7C3C00BA9394 /* PhotoMaster */;
			targetProxy = 93DF410F264E7C3F00BA9394 /* PBXContainerItemProxy */;
		};
		93DF411B264E7C3F00BA9394 /* PBXTargetDependency */ = {
			isa = PBXTargetDependency;
			target = 93DF40F7264E7C3C00BA9394 /* PhotoMaster */;
			targetProxy = 93DF411A264E7C3F00BA9394 /* PBXContainerItemProxy */;
		};
/* End PBXTargetDependency section */

/* Begin PBXVariantGroup section */
		93DF4101264E7C3C00BA9394 /* Main.storyboard */ = {
			isa = PBXVariantGroup;
			children = (
				93DF4102264E7C3C00BA9394 /* Base */,
			);
			name = Main.storyboard;
			sourceTree = "<group>";
		};
		93DF4106264E7C3F00BA9394 /* LaunchScreen.storyboard */ = {
			isa = PBXVariantGroup;
			children = (
				93DF4107264E7C3F00BA9394 /* Base */,
			);
			name = LaunchScreen.storyboard;
			sourceTree = "<group>";
		};
/* End PBXVariantGroup section */

/* Begin XCBuildConfiguration section */
		93DF4120264E7C3F00BA9394 /* Debug */ = {
			isa = XCBuildConfiguration;
			buildSettings = {
				ALWAYS_SEARCH_USER_PATHS = NO;
				CLANG_ANALYZER_NONNULL = YES;
				CLANG_ANALYZER_NUMBER_OBJECT_CONVERSION = YES_AGGRESSIVE;
				CLANG_CXX_LANGUAGE_STANDARD = "gnu++14";
				CLANG_CXX_LIBRARY = "libc++";
				CLANG_ENABLE_MODULES = YES;
				CLANG_ENABLE_OBJC_ARC = YES;
				CLANG_ENABLE_OBJC_WEAK = YES;
				CLANG_WARN_BLOCK_CAPTURE_AUTORELEASING = YES;
				CLANG_WARN_BOOL_CONVERSION = YES;
				CLANG_WARN_COMMA = YES;
				CLANG_WARN_CONSTANT_CONVERSION = YES;
				CLANG_WARN_DEPRECATED_OBJC_IMPLEMENTATIONS = YES;
				CLANG_WARN_DIRECT_OBJC_ISA_USAGE = YES_ERROR;
				CLANG_WARN_DOCUMENTATION_COMMENTS = YES;
				CLANG_WARN_EMPTY_BODY = YES;
				CLANG_WARN_ENUM_CONVERSION = YES;
				CLANG_WARN_INFINITE_RECURSION = YES;
				CLANG_WARN_INT_CONVERSION = YES;
				CLANG_WARN_NON_LITERAL_NULL_CONVERSION = YES;
				CLANG_WARN_OBJC_IMPLICIT_RETAIN_SELF = YES;
				CLANG_WARN_OBJC_LITERAL_CONVERSION = YES;
				CLANG_WARN_OBJC_ROOT_CLASS = YES_ERROR;
				CLANG_WARN_QUOTED_INCLUDE_IN_FRAMEWORK_HEADER = YES;
				CLANG_WARN_RANGE_LOOP_ANALYSIS = YES;
				CLANG_WARN_STRICT_PROTOTYPES = YES;
				CLANG_WARN_SUSPICIOUS_MOVE = YES;
				CLANG_WARN_UNGUARDED_AVAILABILITY = YES_AGGRESSIVE;
				CLANG_WARN_UNREACHABLE_CODE = YES;
				CLANG_WARN__DUPLICATE_METHOD_MATCH = YES;
				COPY_PHASE_STRIP = NO;
				DEBUG_INFORMATION_FORMAT = dwarf;
				ENABLE_STRICT_OBJC_MSGSEND = YES;
				ENABLE_TESTABILITY = YES;
				GCC_C_LANGUAGE_STANDARD = gnu11;
				GCC_DYNAMIC_NO_PIC = NO;
				GCC_NO_COMMON_BLOCKS = YES;
				GCC_OPTIMIZATION_LEVEL = 0;
				GCC_PREPROCESSOR_DEFINITIONS = (
					"DEBUG=1",
					"$(inherited)",
				);
				GCC_WARN_64_TO_32_BIT_CONVERSION = YES;
				GCC_WARN_ABOUT_RETURN_TYPE = YES_ERROR;
				GCC_WARN_UNDECLARED_SELECTOR = YES;
				GCC_WARN_UNINITIALIZED_AUTOS = YES_AGGRESSIVE;
				GCC_WARN_UNUSED_FUNCTION = YES;
				GCC_WARN_UNUSED_VARIABLE = YES;
				IPHONEOS_DEPLOYMENT_TARGET = 14.4;
				MTL_ENABLE_DEBUG_INFO = INCLUDE_SOURCE;
				MTL_FAST_MATH = YES;
				ONLY_ACTIVE_ARCH = YES;
				SDKROOT = iphoneos;
				SWIFT_ACTIVE_COMPILATION_CONDITIONS = DEBUG;
				SWIFT_OPTIMIZATION_LEVEL = "-Onone";
			};
			name = Debug;
		};
		93DF4121264E7C3F00BA9394 /* Release */ = {
			isa = XCBuildConfiguration;
			buildSettings = {
				ALWAYS_SEARCH_USER_PATHS = NO;
				CLANG_ANALYZER_NONNULL = YES;
				CLANG_ANALYZER_NUMBER_OBJECT_CONVERSION = YES_AGGRESSIVE;
				CLANG_CXX_LANGUAGE_STANDARD = "gnu++14";
				CLANG_CXX_LIBRARY = "libc++";
				CLANG_ENABLE_MODULES = YES;
				CLANG_ENABLE_OBJC_ARC = YES;
				CLANG_ENABLE_OBJC_WEAK = YES;
				CLANG_WARN_BLOCK_CAPTURE_AUTORELEASING = YES;
				CLANG_WARN_BOOL_CONVERSION = YES;
				CLANG_WARN_COMMA = YES;
				CLANG_WARN_CONSTANT_CONVERSION = YES;
				CLANG_WARN_DEPRECATED_OBJC_IMPLEMENTATIONS = YES;
				CLANG_WARN_DIRECT_OBJC_ISA_USAGE = YES_ERROR;
				CLANG_WARN_DOCUMENTATION_COMMENTS = YES;
				CLANG_WARN_EMPTY_BODY = YES;
				CLANG_WARN_ENUM_CONVERSION = YES;
				CLANG_WARN_INFINITE_RECURSION = YES;
				CLANG_WARN_INT_CONVERSION = YES;
				CLANG_WARN_NON_LITERAL_NULL_CONVERSION = YES;
				CLANG_WARN_OBJC_IMPLICIT_RETAIN_SELF = YES;
				CLANG_WARN_OBJC_LITERAL_CONVERSION = YES;
				CLANG_WARN_OBJC_ROOT_CLASS = YES_ERROR;
				CLANG_WARN_QUOTED_INCLUDE_IN_FRAMEWORK_HEADER = YES;
				CLANG_WARN_RANGE_LOOP_ANALYSIS = YES;
				CLANG_WARN_STRICT_PROTOTYPES = YES;
				CLANG_WARN_SUSPICIOUS_MOVE = YES;
				CLANG_WARN_UNGUARDED_AVAILABILITY = YES_AGGRESSIVE;
				CLANG_WARN_UNREACHABLE_CODE = YES;
				CLANG_WARN__DUPLICATE_METHOD_MATCH = YES;
				COPY_PHASE_STRIP = NO;
				DEBUG_INFORMATION_FORMAT = "dwarf-with-dsym";
				ENABLE_NS_ASSERTIONS = NO;
				ENABLE_STRICT_OBJC_MSGSEND = YES;
				GCC_C_LANGUAGE_STANDARD = gnu11;
				GCC_NO_COMMON_BLOCKS = YES;
				GCC_WARN_64_TO_32_BIT_CONVERSION = YES;
				GCC_WARN_ABOUT_RETURN_TYPE = YES_ERROR;
				GCC_WARN_UNDECLARED_SELECTOR = YES;
				GCC_WARN_UNINITIALIZED_AUTOS = YES_AGGRESSIVE;
				GCC_WARN_UNUSED_FUNCTION = YES;
				GCC_WARN_UNUSED_VARIABLE = YES;
				IPHONEOS_DEPLOYMENT_TARGET = 14.4;
				MTL_ENABLE_DEBUG_INFO = NO;
				MTL_FAST_MATH = YES;
				SDKROOT = iphoneos;
				SWIFT_COMPILATION_MODE = wholemodule;
				SWIFT_OPTIMIZATION_LEVEL = "-O";
				VALIDATE_PRODUCT = YES;
			};
			name = Release;
		};
		93DF4123264E7C3F00BA9394 /* Debug */ = {
			isa = XCBuildConfiguration;
			buildSettings = {
				ASSETCATALOG_COMPILER_APPICON_NAME = AppIcon;
				ASSETCATALOG_COMPILER_GLOBAL_ACCENT_COLOR_NAME = AccentColor;
				CODE_SIGN_STYLE = Automatic;
				INFOPLIST_FILE = PhotoMaster/Info.plist;
				LD_RUNPATH_SEARCH_PATHS = (
					"$(inherited)",
					"@executable_path/Frameworks",
				);
				PRODUCT_BUNDLE_IDENTIFIER = app.annen.ciel.PhotoMaster;
				PRODUCT_NAME = "$(TARGET_NAME)";
				SWIFT_VERSION = 5.0;
				TARGETED_DEVICE_FAMILY = "1,2";
			};
			name = Debug;
		};
		93DF4124264E7C3F00BA9394 /* Release */ = {
			isa = XCBuildConfiguration;
			buildSettings = {
				ASSETCATALOG_COMPILER_APPICON_NAME = AppIcon;
				ASSETCATALOG_COMPILER_GLOBAL_ACCENT_COLOR_NAME = AccentColor;
				CODE_SIGN_STYLE = Automatic;
				INFOPLIST_FILE = PhotoMaster/Info.plist;
				LD_RUNPATH_SEARCH_PATHS = (
					"$(inherited)",
					"@executable_path/Frameworks",
				);
				PRODUCT_BUNDLE_IDENTIFIER = app.annen.ciel.PhotoMaster;
				PRODUCT_NAME = "$(TARGET_NAME)";
				SWIFT_VERSION = 5.0;
				TARGETED_DEVICE_FAMILY = "1,2";
			};
			name = Release;
		};
		93DF4126264E7C3F00BA9394 /* Debug */ = {
			isa = XCBuildConfiguration;
			buildSettings = {
				ALWAYS_EMBED_SWIFT_STANDARD_LIBRARIES = YES;
				BUNDLE_LOADER = "$(TEST_HOST)";
				CODE_SIGN_STYLE = Automatic;
				INFOPLIST_FILE = PhotoMasterTests/Info.plist;
				IPHONEOS_DEPLOYMENT_TARGET = 14.4;
				LD_RUNPATH_SEARCH_PATHS = (
					"$(inherited)",
					"@executable_path/Frameworks",
					"@loader_path/Frameworks",
				);
				PRODUCT_BUNDLE_IDENTIFIER = app.annen.ciel.PhotoMasterTests;
				PRODUCT_NAME = "$(TARGET_NAME)";
				SWIFT_VERSION = 5.0;
				TARGETED_DEVICE_FAMILY = "1,2";
				TEST_HOST = "$(BUILT_PRODUCTS_DIR)/PhotoMaster.app/PhotoMaster";
			};
			name = Debug;
		};
		93DF4127264E7C3F00BA9394 /* Release */ = {
			isa = XCBuildConfiguration;
			buildSettings = {
				ALWAYS_EMBED_SWIFT_STANDARD_LIBRARIES = YES;
				BUNDLE_LOADER = "$(TEST_HOST)";
				CODE_SIGN_STYLE = Automatic;
				INFOPLIST_FILE = PhotoMasterTests/Info.plist;
				IPHONEOS_DEPLOYMENT_TARGET = 14.4;
				LD_RUNPATH_SEARCH_PATHS = (
					"$(inherited)",
					"@executable_path/Frameworks",
					"@loader_path/Frameworks",
				);
				PRODUCT_BUNDLE_IDENTIFIER = app.annen.ciel.PhotoMasterTests;
				PRODUCT_NAME = "$(TARGET_NAME)";
				SWIFT_VERSION = 5.0;
				TARGETED_DEVICE_FAMILY = "1,2";
				TEST_HOST = "$(BUILT_PRODUCTS_DIR)/PhotoMaster.app/PhotoMaster";
			};
			name = Release;
		};
		93DF4129264E7C3F00BA9394 /* Debug */ = {
			isa = XCBuildConfiguration;
			buildSettings = {
				ALWAYS_EMBED_SWIFT_STANDARD_LIBRARIES = YES;
				CODE_SIGN_STYLE = Automatic;
				INFOPLIST_FILE = PhotoMasterUITests/Info.plist;
				LD_RUNPATH_SEARCH_PATHS = (
					"$(inherited)",
					"@executable_path/Frameworks",
					"@loader_path/Frameworks",
				);
				PRODUCT_BUNDLE_IDENTIFIER = app.annen.ciel.PhotoMasterUITests;
				PRODUCT_NAME = "$(TARGET_NAME)";
				SWIFT_VERSION = 5.0;
				TARGETED_DEVICE_FAMILY = "1,2";
				TEST_TARGET_NAME = PhotoMaster;
			};
			name = Debug;
		};
		93DF412A264E7C3F00BA9394 /* Release */ = {
			isa = XCBuildConfiguration;
			buildSettings = {
				ALWAYS_EMBED_SWIFT_STANDARD_LIBRARIES = YES;
				CODE_SIGN_STYLE = Automatic;
				INFOPLIST_FILE = PhotoMasterUITests/Info.plist;
				LD_RUNPATH_SEARCH_PATHS = (
					"$(inherited)",
					"@executable_path/Frameworks",
					"@loader_path/Frameworks",
				);
				PRODUCT_BUNDLE_IDENTIFIER = app.annen.ciel.PhotoMasterUITests;
				PRODUCT_NAME = "$(TARGET_NAME)";
				SWIFT_VERSION = 5.0;
				TARGETED_DEVICE_FAMILY = "1,2";
				TEST_TARGET_NAME = PhotoMaster;
			};
			name = Release;
		};
/* End XCBuildConfiguration section */

/* Begin XCConfigurationList section */
		93DF40F3264E7C3C00BA9394 /* Build configuration list for PBXProject "PhotoMaster" */ = {
			isa = XCConfigurationList;
			buildConfigurations = (
				93DF4120264E7C3F00BA9394 /* Debug */,
				93DF4121264E7C3F00BA9394 /* Release */,
			);
			defaultConfigurationIsVisible = 0;
			defaultConfigurationName = Release;
		};
		93DF4122264E7C3F00BA9394 /* Build configuration list for PBXNativeTarget "PhotoMaster" */ = {
			isa = XCConfigurationList;
			buildConfigurations = (
				93DF4123264E7C3F00BA9394 /* Debug */,
				93DF4124264E7C3F00BA9394 /* Release */,
			);
			defaultConfigurationIsVisible = 0;
			defaultConfigurationName = Release;
		};
		93DF4125264E7C3F00BA9394 /* Build configuration list for PBXNativeTarget "PhotoMasterTests" */ = {
			isa = XCConfigurationList;
			buildConfigurations = (
				93DF4126264E7C3F00BA9394 /* Debug */,
				93DF4127264E7C3F00BA9394 /* Release */,
			);
			defaultConfigurationIsVisible = 0;
			defaultConfigurationName = Release;
		};
		93DF4128264E7C3F00BA9394 /* Build configuration list for PBXNativeTarget "PhotoMasterUITests" */ = {
			isa = XCConfigurationList;
			buildConfigurations = (
				93DF4129264E7C3F00BA9394 /* Debug */,
				93DF412A264E7C3F00BA9394 /* Release */,
			);
			defaultConfigurationIsVisible = 0;
			defaultConfigurationName = Release;
		};
/* End XCConfigurationList section */
	};
	rootObject = 93DF40F0264E7C3C00BA9394 /* Project object */;
}
